Microsoft Visual Studio Solution File, Format Version 12.00
# Visual Studio 15
VisualStudioVersion = 15.0.26124.0
MinimumVisualStudioVersion = 15.0.26124.0
Project("{6EC3EE1D-3C4E-46DD-8F32-0CC8E7565705}") = "HelloWorld", "hello-world\HelloWorld.fsproj", "{492F69F4-9B73-486C-9CC3-3DD66A81A428}"
EndProject
Project("{6EC3EE1D-3C4E-46DD-8F32-0CC8E7565705}") = "Stock", "stock-data\Stock.fsproj", "{A93908BC-BECF-42B6-8074-8831FB3C8C01}"
EndProject
Project("{6EC3EE1D-3C4E-46DD-8F32-0CC8E7565705}") = "Bob", "bob\Bob.fsproj", "{A088BED1-FA21-4AE6-A150-9F32019CF7FE}"
EndProject
Project("{6EC3EE1D-3C4E-46DD-8F32-0CC8E7565705}") = "SumOfMultiples", "sum-of-multiples\SumOfMultiples.fsproj", "{CB6A26DE-9355-4A94-8245-D9AD019722CE}"
EndProject
Project("{6EC3EE1D-3C4E-46DD-8F32-0CC8E7565705}") = "TwoFer", "two-fer\TwoFer.fsproj", "{E943B36E-56AB-4B46-A79A-6AD52153E603}"
EndProject
Project("{6EC3EE1D-3C4E-46DD-8F32-0CC8E7565705}") = "SpaceAge", "space-age\SpaceAge.fsproj", "{303B50CD-2D7B-4C99-B8A6-308AB22F5376}"
EndProject
Project("{6EC3EE1D-3C4E-46DD-8F32-0CC8E7565705}") = "Leap", "leap\Leap.fsproj", "{4EB16132-640B-4FF0-9D85-9AE3DCFC97FC}"
EndProject
Project("{6EC3EE1D-3C4E-46DD-8F32-0CC8E7565705}") = "Raindrops", "raindrops\Raindrops.fsproj", "{6C3077A2-1FE3-42EA-8783-953A0B770DD3}"
EndProject
Project("{6EC3EE1D-3C4E-46DD-8F32-0CC8E7565705}") = "Accumulate", "accumulate\Accumulate.fsproj", "{A363936D-033E-438D-AF54-5D48F48B85C5}"
EndProject
Project("{6EC3EE1D-3C4E-46DD-8F32-0CC8E7565705}") = "GradeSchool", "grade-school\GradeSchool.fsproj", "{7FEF57FD-61F6-436D-B95F-D81FCF5D01BD}"
EndProject
Project("{6EC3EE1D-3C4E-46DD-8F32-0CC8E7565705}") = "CollatzConjecture", "collatz-conjecture\CollatzConjecture.fsproj", "{DA5CF1C3-287D-4739-9AAF-DC7BBA0818EA}"
EndProject
Project("{6EC3EE1D-3C4E-46DD-8F32-0CC8E7565705}") = "ArmstrongNumbers", "armstrong-numbers\ArmstrongNumbers.fsproj", "{1F515C93-D2C6-4FA2-9B4B-5215B66A0FEA}"
EndProject
Project("{6EC3EE1D-3C4E-46DD-8F32-0CC8E7565705}") = "BeerSong", "beer-song\BeerSong.fsproj", "{71D3E8FB-21E1-4968-A1CE-E2519FA1827C}"
EndProject
Global
	GlobalSection(SolutionConfigurationPlatforms) = preSolution
		Debug|Any CPU = Debug|Any CPU
		Debug|x64 = Debug|x64
		Debug|x86 = Debug|x86
		Release|Any CPU = Release|Any CPU
		Release|x64 = Release|x64
		Release|x86 = Release|x86
	EndGlobalSection
	GlobalSection(ProjectConfigurationPlatforms) = postSolution
		{492F69F4-9B73-486C-9CC3-3DD66A81A428}.Debug|Any CPU.ActiveCfg = Debug|Any CPU
		{492F69F4-9B73-486C-9CC3-3DD66A81A428}.Debug|Any CPU.Build.0 = Debug|Any CPU
		{492F69F4-9B73-486C-9CC3-3DD66A81A428}.Debug|x64.ActiveCfg = Debug|Any CPU
		{492F69F4-9B73-486C-9CC3-3DD66A81A428}.Debug|x64.Build.0 = Debug|Any CPU
		{492F69F4-9B73-486C-9CC3-3DD66A81A428}.Debug|x86.ActiveCfg = Debug|Any CPU
		{492F69F4-9B73-486C-9CC3-3DD66A81A428}.Debug|x86.Build.0 = Debug|Any CPU
		{492F69F4-9B73-486C-9CC3-3DD66A81A428}.Release|Any CPU.ActiveCfg = Release|Any CPU
		{492F69F4-9B73-486C-9CC3-3DD66A81A428}.Release|Any CPU.Build.0 = Release|Any CPU
		{492F69F4-9B73-486C-9CC3-3DD66A81A428}.Release|x64.ActiveCfg = Release|Any CPU
		{492F69F4-9B73-486C-9CC3-3DD66A81A428}.Release|x64.Build.0 = Release|Any CPU
		{492F69F4-9B73-486C-9CC3-3DD66A81A428}.Release|x86.ActiveCfg = Release|Any CPU
		{492F69F4-9B73-486C-9CC3-3DD66A81A428}.Release|x86.Build.0 = Release|Any CPU
		{A93908BC-BECF-42B6-8074-8831FB3C8C01}.Debug|Any CPU.ActiveCfg = Debug|Any CPU
		{A93908BC-BECF-42B6-8074-8831FB3C8C01}.Debug|Any CPU.Build.0 = Debug|Any CPU
		{A93908BC-BECF-42B6-8074-8831FB3C8C01}.Debug|x64.ActiveCfg = Debug|Any CPU
		{A93908BC-BECF-42B6-8074-8831FB3C8C01}.Debug|x64.Build.0 = Debug|Any CPU
		{A93908BC-BECF-42B6-8074-8831FB3C8C01}.Debug|x86.ActiveCfg = Debug|Any CPU
		{A93908BC-BECF-42B6-8074-8831FB3C8C01}.Debug|x86.Build.0 = Debug|Any CPU
		{A93908BC-BECF-42B6-8074-8831FB3C8C01}.Release|Any CPU.ActiveCfg = Release|Any CPU
		{A93908BC-BECF-42B6-8074-8831FB3C8C01}.Release|Any CPU.Build.0 = Release|Any CPU
		{A93908BC-BECF-42B6-8074-8831FB3C8C01}.Release|x64.ActiveCfg = Release|Any CPU
		{A93908BC-BECF-42B6-8074-8831FB3C8C01}.Release|x64.Build.0 = Release|Any CPU
		{A93908BC-BECF-42B6-8074-8831FB3C8C01}.Release|x86.ActiveCfg = Release|Any CPU
		{A93908BC-BECF-42B6-8074-8831FB3C8C01}.Release|x86.Build.0 = Release|Any CPU
		{A088BED1-FA21-4AE6-A150-9F32019CF7FE}.Debug|Any CPU.ActiveCfg = Debug|Any CPU
		{A088BED1-FA21-4AE6-A150-9F32019CF7FE}.Debug|Any CPU.Build.0 = Debug|Any CPU
		{A088BED1-FA21-4AE6-A150-9F32019CF7FE}.Debug|x64.ActiveCfg = Debug|Any CPU
		{A088BED1-FA21-4AE6-A150-9F32019CF7FE}.Debug|x64.Build.0 = Debug|Any CPU
		{A088BED1-FA21-4AE6-A150-9F32019CF7FE}.Debug|x86.ActiveCfg = Debug|Any CPU
		{A088BED1-FA21-4AE6-A150-9F32019CF7FE}.Debug|x86.Build.0 = Debug|Any CPU
		{A088BED1-FA21-4AE6-A150-9F32019CF7FE}.Release|Any CPU.ActiveCfg = Release|Any CPU
		{A088BED1-FA21-4AE6-A150-9F32019CF7FE}.Release|Any CPU.Build.0 = Release|Any CPU
		{A088BED1-FA21-4AE6-A150-9F32019CF7FE}.Release|x64.ActiveCfg = Release|Any CPU
		{A088BED1-FA21-4AE6-A150-9F32019CF7FE}.Release|x64.Build.0 = Release|Any CPU
		{A088BED1-FA21-4AE6-A150-9F32019CF7FE}.Release|x86.ActiveCfg = Release|Any CPU
		{A088BED1-FA21-4AE6-A150-9F32019CF7FE}.Release|x86.Build.0 = Release|Any CPU
		{CB6A26DE-9355-4A94-8245-D9AD019722CE}.Debug|Any CPU.ActiveCfg = Debug|Any CPU
		{CB6A26DE-9355-4A94-8245-D9AD019722CE}.Debug|Any CPU.Build.0 = Debug|Any CPU
		{CB6A26DE-9355-4A94-8245-D9AD019722CE}.Debug|x64.ActiveCfg = Debug|Any CPU
		{CB6A26DE-9355-4A94-8245-D9AD019722CE}.Debug|x64.Build.0 = Debug|Any CPU
		{CB6A26DE-9355-4A94-8245-D9AD019722CE}.Debug|x86.ActiveCfg = Debug|Any CPU
		{CB6A26DE-9355-4A94-8245-D9AD019722CE}.Debug|x86.Build.0 = Debug|Any CPU
		{CB6A26DE-9355-4A94-8245-D9AD019722CE}.Release|Any CPU.ActiveCfg = Release|Any CPU
		{CB6A26DE-9355-4A94-8245-D9AD019722CE}.Release|Any CPU.Build.0 = Release|Any CPU
		{CB6A26DE-9355-4A94-8245-D9AD019722CE}.Release|x64.ActiveCfg = Release|Any CPU
		{CB6A26DE-9355-4A94-8245-D9AD019722CE}.Release|x64.Build.0 = Release|Any CPU
		{CB6A26DE-9355-4A94-8245-D9AD019722CE}.Release|x86.ActiveCfg = Release|Any CPU
		{CB6A26DE-9355-4A94-8245-D9AD019722CE}.Release|x86.Build.0 = Release|Any CPU
		{E943B36E-56AB-4B46-A79A-6AD52153E603}.Debug|Any CPU.ActiveCfg = Debug|Any CPU
		{E943B36E-56AB-4B46-A79A-6AD52153E603}.Debug|Any CPU.Build.0 = Debug|Any CPU
		{E943B36E-56AB-4B46-A79A-6AD52153E603}.Debug|x64.ActiveCfg = Debug|Any CPU
		{E943B36E-56AB-4B46-A79A-6AD52153E603}.Debug|x64.Build.0 = Debug|Any CPU
		{E943B36E-56AB-4B46-A79A-6AD52153E603}.Debug|x86.ActiveCfg = Debug|Any CPU
		{E943B36E-56AB-4B46-A79A-6AD52153E603}.Debug|x86.Build.0 = Debug|Any CPU
		{E943B36E-56AB-4B46-A79A-6AD52153E603}.Release|Any CPU.ActiveCfg = Release|Any CPU
		{E943B36E-56AB-4B46-A79A-6AD52153E603}.Release|Any CPU.Build.0 = Release|Any CPU
		{E943B36E-56AB-4B46-A79A-6AD52153E603}.Release|x64.ActiveCfg = Release|Any CPU
		{E943B36E-56AB-4B46-A79A-6AD52153E603}.Release|x64.Build.0 = Release|Any CPU
		{E943B36E-56AB-4B46-A79A-6AD52153E603}.Release|x86.ActiveCfg = Release|Any CPU
		{E943B36E-56AB-4B46-A79A-6AD52153E603}.Release|x86.Build.0 = Release|Any CPU
		{303B50CD-2D7B-4C99-B8A6-308AB22F5376}.Debug|Any CPU.ActiveCfg = Debug|Any CPU
		{303B50CD-2D7B-4C99-B8A6-308AB22F5376}.Debug|Any CPU.Build.0 = Debug|Any CPU
		{303B50CD-2D7B-4C99-B8A6-308AB22F5376}.Debug|x64.ActiveCfg = Debug|Any CPU
		{303B50CD-2D7B-4C99-B8A6-308AB22F5376}.Debug|x64.Build.0 = Debug|Any CPU
		{303B50CD-2D7B-4C99-B8A6-308AB22F5376}.Debug|x86.ActiveCfg = Debug|Any CPU
		{303B50CD-2D7B-4C99-B8A6-308AB22F5376}.Debug|x86.Build.0 = Debug|Any CPU
		{303B50CD-2D7B-4C99-B8A6-308AB22F5376}.Release|Any CPU.ActiveCfg = Release|Any CPU
		{303B50CD-2D7B-4C99-B8A6-308AB22F5376}.Release|Any CPU.Build.0 = Release|Any CPU
		{303B50CD-2D7B-4C99-B8A6-308AB22F5376}.Release|x64.ActiveCfg = Release|Any CPU
		{303B50CD-2D7B-4C99-B8A6-308AB22F5376}.Release|x64.Build.0 = Release|Any CPU
		{303B50CD-2D7B-4C99-B8A6-308AB22F5376}.Release|x86.ActiveCfg = Release|Any CPU
		{303B50CD-2D7B-4C99-B8A6-308AB22F5376}.Release|x86.Build.0 = Release|Any CPU
		{4EB16132-640B-4FF0-9D85-9AE3DCFC97FC}.Debug|Any CPU.ActiveCfg = Debug|Any CPU
		{4EB16132-640B-4FF0-9D85-9AE3DCFC97FC}.Debug|Any CPU.Build.0 = Debug|Any CPU
		{4EB16132-640B-4FF0-9D85-9AE3DCFC97FC}.Debug|x64.ActiveCfg = Debug|Any CPU
		{4EB16132-640B-4FF0-9D85-9AE3DCFC97FC}.Debug|x64.Build.0 = Debug|Any CPU
		{4EB16132-640B-4FF0-9D85-9AE3DCFC97FC}.Debug|x86.ActiveCfg = Debug|Any CPU
		{4EB16132-640B-4FF0-9D85-9AE3DCFC97FC}.Debug|x86.Build.0 = Debug|Any CPU
		{4EB16132-640B-4FF0-9D85-9AE3DCFC97FC}.Release|Any CPU.ActiveCfg = Release|Any CPU
		{4EB16132-640B-4FF0-9D85-9AE3DCFC97FC}.Release|Any CPU.Build.0 = Release|Any CPU
		{4EB16132-640B-4FF0-9D85-9AE3DCFC97FC}.Release|x64.ActiveCfg = Release|Any CPU
		{4EB16132-640B-4FF0-9D85-9AE3DCFC97FC}.Release|x64.Build.0 = Release|Any CPU
		{4EB16132-640B-4FF0-9D85-9AE3DCFC97FC}.Release|x86.ActiveCfg = Release|Any CPU
		{4EB16132-640B-4FF0-9D85-9AE3DCFC97FC}.Release|x86.Build.0 = Release|Any CPU
		{6C3077A2-1FE3-42EA-8783-953A0B770DD3}.Debug|Any CPU.ActiveCfg = Debug|Any CPU
		{6C3077A2-1FE3-42EA-8783-953A0B770DD3}.Debug|Any CPU.Build.0 = Debug|Any CPU
		{6C3077A2-1FE3-42EA-8783-953A0B770DD3}.Debug|x64.ActiveCfg = Debug|Any CPU
		{6C3077A2-1FE3-42EA-8783-953A0B770DD3}.Debug|x64.Build.0 = Debug|Any CPU
		{6C3077A2-1FE3-42EA-8783-953A0B770DD3}.Debug|x86.ActiveCfg = Debug|Any CPU
		{6C3077A2-1FE3-42EA-8783-953A0B770DD3}.Debug|x86.Build.0 = Debug|Any CPU
		{6C3077A2-1FE3-42EA-8783-953A0B770DD3}.Release|Any CPU.ActiveCfg = Release|Any CPU
		{6C3077A2-1FE3-42EA-8783-953A0B770DD3}.Release|Any CPU.Build.0 = Release|Any CPU
		{6C3077A2-1FE3-42EA-8783-953A0B770DD3}.Release|x64.ActiveCfg = Release|Any CPU
		{6C3077A2-1FE3-42EA-8783-953A0B770DD3}.Release|x64.Build.0 = Release|Any CPU
		{6C3077A2-1FE3-42EA-8783-953A0B770DD3}.Release|x86.ActiveCfg = Release|Any CPU
		{6C3077A2-1FE3-42EA-8783-953A0B770DD3}.Release|x86.Build.0 = Release|Any CPU
		{A363936D-033E-438D-AF54-5D48F48B85C5}.Debug|Any CPU.ActiveCfg = Debug|Any CPU
		{A363936D-033E-438D-AF54-5D48F48B85C5}.Debug|Any CPU.Build.0 = Debug|Any CPU
		{A363936D-033E-438D-AF54-5D48F48B85C5}.Debug|x64.ActiveCfg = Debug|Any CPU
		{A363936D-033E-438D-AF54-5D48F48B85C5}.Debug|x64.Build.0 = Debug|Any CPU
		{A363936D-033E-438D-AF54-5D48F48B85C5}.Debug|x86.ActiveCfg = Debug|Any CPU
		{A363936D-033E-438D-AF54-5D48F48B85C5}.Debug|x86.Build.0 = Debug|Any CPU
		{A363936D-033E-438D-AF54-5D48F48B85C5}.Release|Any CPU.ActiveCfg = Release|Any CPU
		{A363936D-033E-438D-AF54-5D48F48B85C5}.Release|Any CPU.Build.0 = Release|Any CPU
		{A363936D-033E-438D-AF54-5D48F48B85C5}.Release|x64.ActiveCfg = Release|Any CPU
		{A363936D-033E-438D-AF54-5D48F48B85C5}.Release|x64.Build.0 = Release|Any CPU
		{A363936D-033E-438D-AF54-5D48F48B85C5}.Release|x86.ActiveCfg = Release|Any CPU
		{A363936D-033E-438D-AF54-5D48F48B85C5}.Release|x86.Build.0 = Release|Any CPU
		{7FEF57FD-61F6-436D-B95F-D81FCF5D01BD}.Debug|Any CPU.ActiveCfg = Debug|Any CPU
		{7FEF57FD-61F6-436D-B95F-D81FCF5D01BD}.Debug|Any CPU.Build.0 = Debug|Any CPU
		{7FEF57FD-61F6-436D-B95F-D81FCF5D01BD}.Debug|x64.ActiveCfg = Debug|Any CPU
		{7FEF57FD-61F6-436D-B95F-D81FCF5D01BD}.Debug|x64.Build.0 = Debug|Any CPU
		{7FEF57FD-61F6-436D-B95F-D81FCF5D01BD}.Debug|x86.ActiveCfg = Debug|Any CPU
		{7FEF57FD-61F6-436D-B95F-D81FCF5D01BD}.Debug|x86.Build.0 = Debug|Any CPU
		{7FEF57FD-61F6-436D-B95F-D81FCF5D01BD}.Release|Any CPU.ActiveCfg = Release|Any CPU
		{7FEF57FD-61F6-436D-B95F-D81FCF5D01BD}.Release|Any CPU.Build.0 = Release|Any CPU
		{7FEF57FD-61F6-436D-B95F-D81FCF5D01BD}.Release|x64.ActiveCfg = Release|Any CPU
		{7FEF57FD-61F6-436D-B95F-D81FCF5D01BD}.Release|x64.Build.0 = Release|Any CPU
		{7FEF57FD-61F6-436D-B95F-D81FCF5D01BD}.Release|x86.ActiveCfg = Release|Any CPU
		{7FEF57FD-61F6-436D-B95F-D81FCF5D01BD}.Release|x86.Build.0 = Release|Any CPU
		{DA5CF1C3-287D-4739-9AAF-DC7BBA0818EA}.Debug|Any CPU.ActiveCfg = Debug|Any CPU
		{DA5CF1C3-287D-4739-9AAF-DC7BBA0818EA}.Debug|Any CPU.Build.0 = Debug|Any CPU
		{DA5CF1C3-287D-4739-9AAF-DC7BBA0818EA}.Debug|x64.ActiveCfg = Debug|Any CPU
		{DA5CF1C3-287D-4739-9AAF-DC7BBA0818EA}.Debug|x64.Build.0 = Debug|Any CPU
		{DA5CF1C3-287D-4739-9AAF-DC7BBA0818EA}.Debug|x86.ActiveCfg = Debug|Any CPU
		{DA5CF1C3-287D-4739-9AAF-DC7BBA0818EA}.Debug|x86.Build.0 = Debug|Any CPU
		{DA5CF1C3-287D-4739-9AAF-DC7BBA0818EA}.Release|Any CPU.ActiveCfg = Release|Any CPU
		{DA5CF1C3-287D-4739-9AAF-DC7BBA0818EA}.Release|Any CPU.Build.0 = Release|Any CPU
		{DA5CF1C3-287D-4739-9AAF-DC7BBA0818EA}.Release|x64.ActiveCfg = Release|Any CPU
		{DA5CF1C3-287D-4739-9AAF-DC7BBA0818EA}.Release|x64.Build.0 = Release|Any CPU
		{DA5CF1C3-287D-4739-9AAF-DC7BBA0818EA}.Release|x86.ActiveCfg = Release|Any CPU
		{DA5CF1C3-287D-4739-9AAF-DC7BBA0818EA}.Release|x86.Build.0 = Release|Any CPU
		{1F515C93-D2C6-4FA2-9B4B-5215B66A0FEA}.Debug|Any CPU.ActiveCfg = Debug|Any CPU
		{1F515C93-D2C6-4FA2-9B4B-5215B66A0FEA}.Debug|Any CPU.Build.0 = Debug|Any CPU
		{1F515C93-D2C6-4FA2-9B4B-5215B66A0FEA}.Debug|x64.ActiveCfg = Debug|Any CPU
		{1F515C93-D2C6-4FA2-9B4B-5215B66A0FEA}.Debug|x64.Build.0 = Debug|Any CPU
		{1F515C93-D2C6-4FA2-9B4B-5215B66A0FEA}.Debug|x86.ActiveCfg = Debug|Any CPU
		{1F515C93-D2C6-4FA2-9B4B-5215B66A0FEA}.Debug|x86.Build.0 = Debug|Any CPU
		{1F515C93-D2C6-4FA2-9B4B-5215B66A0FEA}.Release|Any CPU.ActiveCfg = Release|Any CPU
		{1F515C93-D2C6-4FA2-9B4B-5215B66A0FEA}.Release|Any CPU.Build.0 = Release|Any CPU
		{1F515C93-D2C6-4FA2-9B4B-5215B66A0FEA}.Release|x64.ActiveCfg = Release|Any CPU
		{1F515C93-D2C6-4FA2-9B4B-5215B66A0FEA}.Release|x64.Build.0 = Release|Any CPU
		{1F515C93-D2C6-4FA2-9B4B-5215B66A0FEA}.Release|x86.ActiveCfg = Release|Any CPU
		{1F515C93-D2C6-4FA2-9B4B-5215B66A0FEA}.Release|x86.Build.0 = Release|Any CPU
		{71D3E8FB-21E1-4968-A1CE-E2519FA1827C}.Debug|Any CPU.ActiveCfg = Debug|Any CPU
		{71D3E8FB-21E1-4968-A1CE-E2519FA1827C}.Debug|Any CPU.Build.0 = Debug|Any CPU
		{71D3E8FB-21E1-4968-A1CE-E2519FA1827C}.Debug|x64.ActiveCfg = Debug|Any CPU
		{71D3E8FB-21E1-4968-A1CE-E2519FA1827C}.Debug|x64.Build.0 = Debug|Any CPU
		{71D3E8FB-21E1-4968-A1CE-E2519FA1827C}.Debug|x86.ActiveCfg = Debug|Any CPU
		{71D3E8FB-21E1-4968-A1CE-E2519FA1827C}.Debug|x86.Build.0 = Debug|Any CPU
		{71D3E8FB-21E1-4968-A1CE-E2519FA1827C}.Release|Any CPU.ActiveCfg = Release|Any CPU
		{71D3E8FB-21E1-4968-A1CE-E2519FA1827C}.Release|Any CPU.Build.0 = Release|Any CPU
		{71D3E8FB-21E1-4968-A1CE-E2519FA1827C}.Release|x64.ActiveCfg = Release|Any CPU
		{71D3E8FB-21E1-4968-A1CE-E2519FA1827C}.Release|x64.Build.0 = Release|Any CPU
		{71D3E8FB-21E1-4968-A1CE-E2519FA1827C}.Release|x86.ActiveCfg = Release|Any CPU
		{71D3E8FB-21E1-4968-A1CE-E2519FA1827C}.Release|x86.Build.0 = Release|Any CPU
	EndGlobalSection
	GlobalSection(SolutionProperties) = preSolution
		HideSolutionNode = FALSE
	EndGlobalSection
	GlobalSection(ExtensibilityGlobals) = postSolution
		SolutionGuid = {336737EC-A02B-45C1-8860-332B84B18B8A}
	EndGlobalSection
EndGlobal
